{
    "_readme": [
        "This file locks the dependencies of your project to a known state",
        "Read more about it at https://getcomposer.org/doc/01-basic-usage.md#installing-dependencies",
        "This file is @generated automatically"
    ],
    "content-hash": "13283678fd4b7e6535ba1ff2c198a66b",
    "packages": [
        {
            "name": "defuse/php-encryption",
            "version": "v2.4.0",
            "source": {
                "type": "git",
                "url": "https://github.com/defuse/php-encryption.git",
                "reference": "f53396c2d34225064647a05ca76c1da9d99e5828"
            },
            "dist": {
                "type": "zip",
                "url": "https://api.github.com/repos/defuse/php-encryption/zipball/f53396c2d34225064647a05ca76c1da9d99e5828",
                "reference": "f53396c2d34225064647a05ca76c1da9d99e5828",
                "shasum": ""
            },
            "require": {
                "ext-openssl": "*",
                "paragonie/random_compat": ">= 2",
                "php": ">=5.6.0"
            },
            "require-dev": {
                "phpunit/phpunit": "^5|^6|^7|^8|^9|^10",
                "yoast/phpunit-polyfills": "^2.0.0"
            },
            "bin": [
                "bin/generate-defuse-key"
            ],
            "type": "library",
            "autoload": {
                "psr-4": {
                    "Defuse\\Crypto\\": "src"
                }
            },
            "notification-url": "https://packagist.org/downloads/",
            "license": [
                "MIT"
            ],
            "authors": [
                {
                    "name": "Taylor Hornby",
                    "email": "taylor@defuse.ca",
                    "homepage": "https://defuse.ca/"
                },
                {
                    "name": "Scott Arciszewski",
                    "email": "info@paragonie.com",
                    "homepage": "https://paragonie.com"
                }
            ],
            "description": "Secure PHP Encryption Library",
            "keywords": [
                "aes",
                "authenticated encryption",
                "cipher",
                "crypto",
                "cryptography",
                "encrypt",
                "encryption",
                "openssl",
                "security",
                "symmetric key cryptography"
            ],
            "support": {
                "issues": "https://github.com/defuse/php-encryption/issues",
                "source": "https://github.com/defuse/php-encryption/tree/v2.4.0"
            },
            "time": "2023-06-19T06:10:36+00:00"
        },
        {
            "name": "monolog/monolog",
            "version": "2.9.3",
            "source": {
                "type": "git",
                "url": "https://github.com/Seldaek/monolog.git",
                "reference": "a30bfe2e142720dfa990d0a7e573997f5d884215"
            },
            "dist": {
                "type": "zip",
                "url": "https://api.github.com/repos/Seldaek/monolog/zipball/a30bfe2e142720dfa990d0a7e573997f5d884215",
                "reference": "a30bfe2e142720dfa990d0a7e573997f5d884215",
                "shasum": ""
            },
            "require": {
                "php": ">=7.2",
                "psr/log": "^1.0.1 || ^2.0 || ^3.0"
            },
            "provide": {
                "psr/log-implementation": "1.0.0 || 2.0.0 || 3.0.0"
            },
            "require-dev": {
                "aws/aws-sdk-php": "^2.4.9 || ^3.0",
                "doctrine/couchdb": "~1.0@dev",
                "elasticsearch/elasticsearch": "^7 || ^8",
                "ext-json": "*",
                "graylog2/gelf-php": "^1.4.2 || ^2@dev",
                "guzzlehttp/guzzle": "^7.4",
                "guzzlehttp/psr7": "^2.2",
                "mongodb/mongodb": "^1.8",
                "php-amqplib/php-amqplib": "~2.4 || ^3",
                "phpspec/prophecy": "^1.15",
                "phpstan/phpstan": "^1.10",
                "phpunit/phpunit": "^8.5.38 || ^9.6.19",
                "predis/predis": "^1.1 || ^2.0",
                "rollbar/rollbar": "^1.3 || ^2 || ^3",
                "ruflin/elastica": "^7",
                "swiftmailer/swiftmailer": "^5.3|^6.0",
                "symfony/mailer": "^5.4 || ^6",
                "symfony/mime": "^5.4 || ^6"
            },
            "suggest": {
                "aws/aws-sdk-php": "Allow sending log messages to AWS services like DynamoDB",
                "doctrine/couchdb": "Allow sending log messages to a CouchDB server",
                "elasticsearch/elasticsearch": "Allow sending log messages to an Elasticsearch server via official client",
                "ext-amqp": "Allow sending log messages to an AMQP server (1.0+ required)",
                "ext-curl": "Required to send log messages using the IFTTTHandler, the LogglyHandler, the SendGridHandler, the SlackWebhookHandler or the TelegramBotHandler",
                "ext-mbstring": "Allow to work properly with unicode symbols",
                "ext-mongodb": "Allow sending log messages to a MongoDB server (via driver)",
                "ext-openssl": "Required to send log messages using SSL",
                "ext-sockets": "Allow sending log messages to a Syslog server (via UDP driver)",
                "graylog2/gelf-php": "Allow sending log messages to a GrayLog2 server",
                "mongodb/mongodb": "Allow sending log messages to a MongoDB server (via library)",
                "php-amqplib/php-amqplib": "Allow sending log messages to an AMQP server using php-amqplib",
                "rollbar/rollbar": "Allow sending log messages to Rollbar",
                "ruflin/elastica": "Allow sending log messages to an Elastic Search server"
            },
            "type": "library",
            "extra": {
                "branch-alias": {
                    "dev-main": "2.x-dev"
                }
            },
            "autoload": {
                "psr-4": {
                    "Monolog\\": "src/Monolog"
                }
            },
            "notification-url": "https://packagist.org/downloads/",
            "license": [
                "MIT"
            ],
            "authors": [
                {
                    "name": "Jordi Boggiano",
                    "email": "j.boggiano@seld.be",
                    "homepage": "https://seld.be"
                }
            ],
            "description": "Sends your logs to files, sockets, inboxes, databases and various web services",
            "homepage": "https://github.com/Seldaek/monolog",
            "keywords": [
                "log",
                "logging",
                "psr-3"
            ],
            "support": {
                "issues": "https://github.com/Seldaek/monolog/issues",
                "source": "https://github.com/Seldaek/monolog/tree/2.9.3"
            },
            "funding": [
                {
                    "url": "https://github.com/Seldaek",
                    "type": "github"
                },
                {
                    "url": "https://tidelift.com/funding/github/packagist/monolog/monolog",
                    "type": "tidelift"
                }
            ],
            "time": "2024-04-12T20:52:51+00:00"
        },
        {
            "name": "paragonie/random_compat",
            "version": "v9.99.100",
            "source": {
                "type": "git",
                "url": "https://github.com/paragonie/random_compat.git",
                "reference": "996434e5492cb4c3edcb9168db6fbb1359ef965a"
            },
            "dist": {
                "type": "zip",
                "url": "https://api.github.com/repos/paragonie/random_compat/zipball/996434e5492cb4c3edcb9168db6fbb1359ef965a",
                "reference": "996434e5492cb4c3edcb9168db6fbb1359ef965a",
                "shasum": ""
            },
            "require": {
                "php": ">= 7"
            },
            "require-dev": {
                "phpunit/phpunit": "4.*|5.*",
                "vimeo/psalm": "^1"
            },
            "suggest": {
                "ext-libsodium": "Provides a modern crypto API that can be used to generate random bytes."
            },
            "type": "library",
            "notification-url": "https://packagist.org/downloads/",
            "license": [
                "MIT"
            ],
            "authors": [
                {
                    "name": "Paragon Initiative Enterprises",
                    "email": "security@paragonie.com",
                    "homepage": "https://paragonie.com"
                }
            ],
            "description": "PHP 5.x polyfill for random_bytes() and random_int() from PHP 7",
            "keywords": [
                "csprng",
                "polyfill",
                "pseudorandom",
                "random"
            ],
            "support": {
                "email": "info@paragonie.com",
                "issues": "https://github.com/paragonie/random_compat/issues",
                "source": "https://github.com/paragonie/random_compat"
            },
            "time": "2020-10-15T08:29:30+00:00"
        },
        {
            "name": "psr/log",
            "version": "3.0.0",
            "source": {
                "type": "git",
                "url": "https://github.com/php-fig/log.git",
                "reference": "fe5ea303b0887d5caefd3d431c3e61ad47037001"
            },
            "dist": {
                "type": "zip",
                "url": "https://api.github.com/repos/php-fig/log/zipball/fe5ea303b0887d5caefd3d431c3e61ad47037001",
                "reference": "fe5ea303b0887d5caefd3d431c3e61ad47037001",
                "shasum": ""
            },
            "require": {
                "php": ">=8.0.0"
            },
            "type": "library",
            "extra": {
                "branch-alias": {
                    "dev-master": "3.x-dev"
                }
            },
            "autoload": {
                "psr-4": {
                    "Psr\\Log\\": "src"
                }
            },
            "notification-url": "https://packagist.org/downloads/",
            "license": [
                "MIT"
            ],
            "authors": [
                {
                    "name": "PHP-FIG",
                    "homepage": "https://www.php-fig.org/"
                }
            ],
            "description": "Common interface for logging libraries",
            "homepage": "https://github.com/php-fig/log",
            "keywords": [
                "log",
                "psr",
                "psr-3"
            ],
            "support": {
                "source": "https://github.com/php-fig/log/tree/3.0.0"
            },
            "time": "2021-07-14T16:46:02+00:00"
        },
        {
            "name": "r3m_io/account",
            "version": "2024.04.26",
            "source": {
                "type": "git",
                "url": "https://github.com/r3m-io/account.git",
                "reference": "c19e1d104526f0e41ff69160b0479838c62d841e"
            },
            "dist": {
                "type": "zip",
                "url": "https://api.github.com/repos/r3m-io/account/zipball/c19e1d104526f0e41ff69160b0479838c62d841e",
                "reference": "c19e1d104526f0e41ff69160b0479838c62d841e",
                "shasum": ""
            },
            "require": {
                "r3m_io/framework": ">=2024.04.26"
            },
            "type": "library",
            "notification-url": "https://packagist.org/downloads/",
            "license": [
                "MIT"
            ],
            "authors": [
                {
                    "name": "Remco van der Velde",
                    "email": "development@universeorange.com"
                }
            ],
            "description": "r3m_io/account see https://r3m.io for detailed usage",
            "homepage": "https://r3m.io",
            "keywords": [
                "account",
                "framework",
                "library",
                "node",
                "r3m",
                "r3m.io"
            ],
            "support": {
                "issues": "https://github.com/r3m-io/account/issues",
                "source": "https://github.com/r3m-io/account/tree/2024.04.26"
            },
            "time": "2024-04-26T08:14:44+00:00"
        },
        {
            "name": "r3m_io/autoload",
            "version": "2024.04.26",
            "source": {
                "type": "git",
                "url": "https://github.com/r3m-io/autoload.git",
                "reference": "3fda699fb7f1651db806149b32aec2ea7eb3871f"
            },
            "dist": {
                "type": "zip",
                "url": "https://api.github.com/repos/r3m-io/autoload/zipball/3fda699fb7f1651db806149b32aec2ea7eb3871f",
                "reference": "3fda699fb7f1651db806149b32aec2ea7eb3871f",
                "shasum": ""
            },
            "require": {
                "r3m_io/framework": ">=2024.04.26"
            },
            "type": "library",
            "notification-url": "https://packagist.org/downloads/",
            "license": [
                "MIT"
            ],
            "authors": [
                {
                    "name": "Remco van der Velde",
                    "email": "development@universeorange.com"
                }
            ],
            "description": "r3m_io/autoload see https://r3m.io for detailed usage",
            "homepage": "https://r3m.io",
            "keywords": [
                "autoload",
                "framework",
                "library",
                "node",
                "r3m",
                "r3m.io"
            ],
            "support": {
                "issues": "https://github.com/r3m-io/autoload/issues",
                "source": "https://github.com/r3m-io/autoload/tree/2024.04.26"
            },
            "time": "2024-04-26T07:33:36+00:00"
        },
        {
            "name": "r3m_io/basic",
            "version": "2024.04.26",
            "source": {
                "type": "git",
                "url": "https://github.com/r3m-io/basic.git",
                "reference": "1ed9b48d6af3307c98d1416e4a6a581b77c92a11"
            },
            "dist": {
                "type": "zip",
                "url": "https://api.github.com/repos/r3m-io/basic/zipball/1ed9b48d6af3307c98d1416e4a6a581b77c92a11",
                "reference": "1ed9b48d6af3307c98d1416e4a6a581b77c92a11",
                "shasum": ""
            },
            "require": {
                "r3m_io/framework": ">=2024.04.26"
            },
            "type": "library",
            "notification-url": "https://packagist.org/downloads/",
            "license": [
                "MIT"
            ],
            "authors": [
                {
                    "name": "Remco van der Velde",
                    "email": "development@universeorange.com"
                }
            ],
            "description": "r3m_io/basic see https://r3m.io for detailed usage",
            "homepage": "https://r3m.io",
            "keywords": [
                "apache2",
                "cron",
                "framework",
                "library",
                "node",
                "php",
                "r3m",
                "r3m.io"
            ],
            "support": {
                "issues": "https://github.com/r3m-io/basic/issues",
                "source": "https://github.com/r3m-io/basic/tree/2024.04.26"
            },
            "time": "2024-04-26T07:43:23+00:00"
        },
        {
            "name": "r3m_io/boot",
            "version": "2024.04.26",
            "source": {
                "type": "git",
                "url": "https://github.com/r3m-io/boot.git",
                "reference": "3ead9004878f6eeabccb3cecc1009f11d35063fd"
            },
            "dist": {
                "type": "zip",
                "url": "https://api.github.com/repos/r3m-io/boot/zipball/3ead9004878f6eeabccb3cecc1009f11d35063fd",
                "reference": "3ead9004878f6eeabccb3cecc1009f11d35063fd",
                "shasum": ""
            },
            "require": {
                "r3m_io/framework": ">=2024.04.26"
            },
            "type": "library",
            "notification-url": "https://packagist.org/downloads/",
            "license": [
                "MIT"
            ],
            "authors": [
                {
                    "name": "Remco van der Velde",
                    "email": "development@universeorange.com"
                }
            ],
            "description": "r3m_io/boot see https://r3m.io for detailed usage",
            "homepage": "https://r3m.io",
            "keywords": [
                "boot",
                "framework",
                "library",
                "node",
                "r3m",
                "r3m.io"
            ],
            "support": {
                "issues": "https://github.com/r3m-io/boot/issues",
                "source": "https://github.com/r3m-io/boot/tree/2024.04.26"
            },
            "time": "2024-04-26T07:40:57+00:00"
        },
        {
            "name": "r3m_io/config",
            "version": "2024.04.26",
            "source": {
                "type": "git",
                "url": "https://github.com/r3m-io/config.git",
                "reference": "6d5cd7673c39ea3885c2fea265b97b2ef533ea18"
            },
            "dist": {
                "type": "zip",
                "url": "https://api.github.com/repos/r3m-io/config/zipball/6d5cd7673c39ea3885c2fea265b97b2ef533ea18",
                "reference": "6d5cd7673c39ea3885c2fea265b97b2ef533ea18",
                "shasum": ""
            },
            "require": {
                "ext-iconv": "*",
                "ext-posix": "*",
                "ext-zlib": "*",
                "r3m_io/framework": ">=2024.04.26"
            },
            "type": "library",
            "notification-url": "https://packagist.org/downloads/",
            "license": [
                "MIT"
            ],
            "authors": [
                {
                    "name": "Remco van der Velde",
                    "email": "development@universeorange.com"
                }
            ],
            "description": "r3m_io/config see https://r3m.io for detailed usage",
            "homepage": "https://r3m.io",
            "keywords": [
                "config",
                "framework",
                "library",
                "node",
                "r3m",
                "r3m.io"
            ],
            "support": {
                "issues": "https://github.com/r3m-io/config/issues",
                "source": "https://github.com/r3m-io/config/tree/2024.04.26"
            },
            "time": "2024-04-26T07:50:33+00:00"
        },
        {
            "name": "r3m_io/event",
            "version": "2024.04.26",
            "source": {
                "type": "git",
                "url": "https://github.com/r3m-io/event.git",
                "reference": "87c0f176508d6fd17e2d7809094280ca54b21af6"
            },
            "dist": {
                "type": "zip",
                "url": "https://api.github.com/repos/r3m-io/event/zipball/87c0f176508d6fd17e2d7809094280ca54b21af6",
                "reference": "87c0f176508d6fd17e2d7809094280ca54b21af6",
                "shasum": ""
            },
            "require": {
                "ext-iconv": "*",
                "ext-posix": "*",
                "ext-zlib": "*",
                "r3m_io/framework": ">=2024.04.26"
            },
            "type": "library",
            "notification-url": "https://packagist.org/downloads/",
            "license": [
                "MIT"
            ],
            "authors": [
                {
                    "name": "Remco van der Velde",
                    "email": "development@universeorange.com"
                }
            ],
            "description": "r3m_io/event see https://r3m.io for detailed usage",
            "homepage": "https://r3m.io",
            "keywords": [
                "event",
                "framework",
                "library",
                "node",
                "r3m",
                "r3m.io"
            ],
            "support": {
                "issues": "https://github.com/r3m-io/event/issues",
                "source": "https://github.com/r3m-io/event/tree/2024.04.26"
            },
            "time": "2024-04-26T07:46:36+00:00"
        },
        {
            "name": "r3m_io/framework",
            "version": "2024.04.26",
            "source": {
                "type": "git",
                "url": "https://github.com/r3m-io/framework.git",
                "reference": "eeadedbea48f2a5c809dcd81fcaf1194bf72b1f9"
            },
            "dist": {
                "type": "zip",
                "url": "https://api.github.com/repos/r3m-io/framework/zipball/eeadedbea48f2a5c809dcd81fcaf1194bf72b1f9",
                "reference": "eeadedbea48f2a5c809dcd81fcaf1194bf72b1f9",
                "shasum": ""
            },
            "require": {
                "defuse/php-encryption": "^2.3",
                "ext-json": "*",
                "ext-mbstring": "*",
                "ext-openssl": "*",
                "ext-pcntl": "*",
                "ext-pdo": "*",
                "ext-posix": "*",
                "ext-readline": "*",
                "ext-shmop": "*",
                "ext-zend-opcache": "*",
                "ext-zip": "*",
                "ext-zlib": "*",
                "monolog/monolog": "^2.2",
                "php": ">=8.0",
                "r3m_io/account": ">=2024.04.23",
                "r3m_io/autoload": ">=2024.04.23",
                "r3m_io/basic": ">=2024.04.23",
                "r3m_io/boot": ">=2024.04.23",
                "r3m_io/config": ">=2024.04.23",
                "r3m_io/event": ">=2024.04.23",
                "r3m_io/host": ">=2024.04.23",
                "r3m_io/log": ">=2024.04.23",
                "r3m_io/middleware": ">=2024.04.23",
                "r3m_io/node": ">=2024.04.23",
                "r3m_io/output_filter": ">=2024.04.23",
                "r3m_io/route": ">=2024.04.23",
                "r3m_io/server": ">=2024.04.23",
                "spatie/fork": "^1.2.2"
            },
            "type": "library",
            "autoload": {
                "psr-4": {
                    "R3m\\Io\\": "src/"
                }
            },
            "notification-url": "https://packagist.org/downloads/",
            "license": [
                "MIT"
            ],
            "authors": [
                {
                    "name": "Remco van der Velde",
                    "email": "development@universeorange.com"
                }
            ],
            "description": "R3M framework see https://r3m.io for detailed usage",
            "homepage": "https://r3m.io",
            "keywords": [
                "engine",
                "framework",
                "language",
                "library",
                "r3m",
                "r3m.io",
                "template"
            ],
            "support": {
                "issues": "https://github.com/r3m-io/framework/issues",
                "source": "https://github.com/r3m-io/framework/tree/2024.04.26"
            },
            "time": "2024-04-26T07:15:09+00:00"
        },
        {
            "name": "r3m_io/host",
            "version": "2024.04.26",
            "source": {
                "type": "git",
                "url": "https://github.com/r3m-io/host.git",
                "reference": "97c2bd15686802aabbea76a738bff6b64b4d0992"
            },
            "dist": {
                "type": "zip",
                "url": "https://api.github.com/repos/r3m-io/host/zipball/97c2bd15686802aabbea76a738bff6b64b4d0992",
                "reference": "97c2bd15686802aabbea76a738bff6b64b4d0992",
                "shasum": ""
            },
            "require": {
                "ext-iconv": "*",
                "ext-posix": "*",
                "ext-zlib": "*",
                "r3m_io/framework": ">=2024.04.26"
            },
            "type": "package",
            "notification-url": "https://packagist.org/downloads/",
            "license": [
                "MIT"
            ],
            "authors": [
                {
                    "name": "Remco van der Velde",
                    "email": "development@universeorange.com"
                }
            ],
            "description": "r3m_io/host see https://r3m.io for detailed usage",
            "homepage": "https://r3m.io",
            "keywords": [
                "framework",
                "keyboard",
                "node",
                "package",
                "r3m",
                "r3m.io"
            ],
            "support": {
                "issues": "https://github.com/r3m-io/host/issues",
                "source": "https://github.com/r3m-io/host/tree/2024.04.26"
            },
            "time": "2024-04-26T07:55:13+00:00"
        },
        {
            "name": "r3m_io/log",
            "version": "2024.04.26",
            "source": {
                "type": "git",
                "url": "https://github.com/r3m-io/log.git",
                "reference": "c22e4102f594f327450adbb063809b102511c104"
            },
            "dist": {
                "type": "zip",
                "url": "https://api.github.com/repos/r3m-io/log/zipball/c22e4102f594f327450adbb063809b102511c104",
                "reference": "c22e4102f594f327450adbb063809b102511c104",
                "shasum": ""
            },
            "require": {
                "ext-iconv": "*",
                "ext-posix": "*",
                "ext-zlib": "*",
                "r3m_io/framework": ">=2024.04.26"
            },
            "type": "library",
            "notification-url": "https://packagist.org/downloads/",
            "license": [
                "MIT"
            ],
            "authors": [
                {
                    "name": "Remco van der Velde",
                    "email": "development@universeorange.com"
                }
            ],
            "description": "r3m_io/log see https://r3m.io for detailed usage",
            "homepage": "https://r3m.io",
            "keywords": [
                "framework",
                "library",
                "log",
                "node",
                "r3m",
                "r3m.io"
            ],
            "support": {
                "issues": "https://github.com/r3m-io/log/issues",
                "source": "https://github.com/r3m-io/log/tree/2024.04.26"
            },
            "time": "2024-04-26T08:05:33+00:00"
        },
        {
            "name": "r3m_io/middleware",
            "version": "2024.04.26",
            "source": {
                "type": "git",
                "url": "https://github.com/r3m-io/middleware.git",
                "reference": "889acede7ef07493c3ad504fca3c86559f43bb9d"
            },
            "dist": {
                "type": "zip",
                "url": "https://api.github.com/repos/r3m-io/middleware/zipball/889acede7ef07493c3ad504fca3c86559f43bb9d",
                "reference": "889acede7ef07493c3ad504fca3c86559f43bb9d",
                "shasum": ""
            },
            "require": {
                "r3m_io/framework": ">=2024.04.26"
            },
            "type": "library",
            "notification-url": "https://packagist.org/downloads/",
            "license": [
                "MIT"
            ],
            "authors": [
                {
                    "name": "Remco van der Velde",
                    "email": "development@universeorange.com"
                }
            ],
            "description": "r3m_io/middleware see https://r3m.io for detailed usage",
            "homepage": "https://r3m.io",
            "keywords": [
                "framework",
                "library",
                "middleware",
                "node",
                "r3m",
                "r3m.io"
            ],
            "support": {
                "issues": "https://github.com/r3m-io/middleware/issues",
                "source": "https://github.com/r3m-io/middleware/tree/2024.04.26"
            },
            "time": "2024-04-26T07:58:02+00:00"
        },
        {
            "name": "r3m_io/node",
            "version": "2024.04.26",
            "source": {
                "type": "git",
                "url": "https://github.com/r3m-io/node.git",
                "reference": "fe8a7e55c5cb2907713ce5895e9d543dfb41977c"
            },
            "dist": {
                "type": "zip",
                "url": "https://api.github.com/repos/r3m-io/node/zipball/fe8a7e55c5cb2907713ce5895e9d543dfb41977c",
                "reference": "fe8a7e55c5cb2907713ce5895e9d543dfb41977c",
                "shasum": ""
            },
            "require": {
                "ext-iconv": "*",
                "ext-posix": "*",
                "ext-zlib": "*",
                "r3m_io/framework": ">=2024.04.26"
            },
            "type": "library",
            "autoload": {
                "psr-4": {
                    "R3m\\Io\\Node\\": "src/"
                }
            },
            "notification-url": "https://packagist.org/downloads/",
            "license": [
                "MIT"
            ],
            "authors": [
                {
                    "name": "Remco van der Velde",
                    "email": "development@universeorange.com"
                }
            ],
            "description": "r3m_io/node see https://r3m.io for detailed usage",
            "homepage": "https://r3m.io",
            "keywords": [
                "framework",
                "library",
                "node",
                "r3m",
                "r3m.io"
            ],
            "support": {
                "issues": "https://github.com/r3m-io/node/issues",
                "source": "https://github.com/r3m-io/node/tree/2024.04.26"
            },
            "time": "2024-04-26T08:00:33+00:00"
        },
        {
            "name": "r3m_io/output_filter",
            "version": "2024.04.26",
            "source": {
                "type": "git",
                "url": "https://github.com/r3m-io/output_filter.git",
                "reference": "e9d952c9d1605f560325208096c7986712179b53"
            },
            "dist": {
                "type": "zip",
                "url": "https://api.github.com/repos/r3m-io/output_filter/zipball/e9d952c9d1605f560325208096c7986712179b53",
                "reference": "e9d952c9d1605f560325208096c7986712179b53",
                "shasum": ""
            },
            "require": {
                "r3m_io/framework": ">=2024.04.26"
            },
            "type": "library",
            "notification-url": "https://packagist.org/downloads/",
            "license": [
                "MIT"
            ],
            "authors": [
                {
                    "name": "Remco van der Velde",
                    "email": "development@universeorange.com"
                }
            ],
            "description": "r3m_io/output.filter see https://r3m.io for detailed usage",
            "homepage": "https://r3m.io",
            "keywords": [
                "filter",
                "framework",
                "library",
                "node",
                "output",
                "r3m",
                "r3m.io"
            ],
            "support": {
                "issues": "https://github.com/r3m-io/output_filter/issues",
                "source": "https://github.com/r3m-io/output_filter/tree/2024.04.26"
            },
            "time": "2024-04-26T08:03:10+00:00"
        },
        {
            "name": "r3m_io/route",
            "version": "2024.04.26",
            "source": {
                "type": "git",
                "url": "https://github.com/r3m-io/route.git",
                "reference": "91dd46a370e4b9786e24f5bdf9022afdcdf493be"
            },
            "dist": {
                "type": "zip",
                "url": "https://api.github.com/repos/r3m-io/route/zipball/91dd46a370e4b9786e24f5bdf9022afdcdf493be",
                "reference": "91dd46a370e4b9786e24f5bdf9022afdcdf493be",
                "shasum": ""
            },
            "require": {
                "r3m_io/framework": ">=2024.04.26"
            },
            "type": "library",
            "notification-url": "https://packagist.org/downloads/",
            "license": [
                "MIT"
            ],
            "authors": [
                {
                    "name": "Remco van der Velde",
                    "email": "development@universeorange.com"
                }
            ],
            "description": "r3m_io/route see https://r3m.io for detailed usage",
            "homepage": "https://r3m.io",
            "keywords": [
                "framework",
                "library",
                "node",
                "r3m",
                "r3m.io",
                "route",
                "router"
            ],
            "support": {
                "issues": "https://github.com/r3m-io/route/issues",
                "source": "https://github.com/r3m-io/route/tree/2024.04.26"
            },
            "time": "2024-04-26T08:07:57+00:00"
        },
        {
            "name": "r3m_io/server",
            "version": "2024.04.26",
            "source": {
                "type": "git",
                "url": "https://github.com/r3m-io/server.git",
                "reference": "110afa40e41485d8d77adf730a4b8b2193e8bf80"
            },
            "dist": {
                "type": "zip",
                "url": "https://api.github.com/repos/r3m-io/server/zipball/110afa40e41485d8d77adf730a4b8b2193e8bf80",
                "reference": "110afa40e41485d8d77adf730a4b8b2193e8bf80",
                "shasum": ""
            },
            "require": {
                "r3m_io/framework": ">=2024.04.26"
            },
            "type": "library",
            "notification-url": "https://packagist.org/downloads/",
            "license": [
                "MIT"
            ],
            "authors": [
                {
                    "name": "Remco van der Velde",
                    "email": "development@universeorange.com"
                }
            ],
            "description": "r3m_io/server see https://r3m.io for detailed usage",
            "homepage": "https://r3m.io",
            "keywords": [
                "configuration",
                "framework",
                "library",
                "node",
                "r3m",
                "r3m.io",
                "server"
            ],
            "support": {
                "issues": "https://github.com/r3m-io/server/issues",
                "source": "https://github.com/r3m-io/server/tree/2024.04.26"
            },
            "time": "2024-04-26T08:11:57+00:00"
        },
        {
            "name": "spatie/fork",
            "version": "1.2.2",
            "source": {
                "type": "git",
                "url": "https://github.com/spatie/fork.git",
                "reference": "c79b4c10ce1c22efb7e90429a5ff30d36c7d8ae3"
            },
            "dist": {
                "type": "zip",
                "url": "https://api.github.com/repos/spatie/fork/zipball/c79b4c10ce1c22efb7e90429a5ff30d36c7d8ae3",
                "reference": "c79b4c10ce1c22efb7e90429a5ff30d36c7d8ae3",
                "shasum": ""
            },
            "require": {
                "ext-pcntl": "*",
                "ext-sockets": "*",
                "php": "^8.0"
            },
            "require-dev": {
                "nesbot/carbon": "^2.66",
                "pestphp/pest": "^1.23",
                "phpunit/phpunit": "^9.5",
                "spatie/ray": "^1.10"
            },
            "type": "library",
            "autoload": {
                "psr-4": {
                    "Spatie\\Fork\\": "src"
                }
            },
            "notification-url": "https://packagist.org/downloads/",
            "license": [
                "MIT"
            ],
            "authors": [
                {
                    "name": "Brent Roose",
                    "email": "brent@spatie.be",
                    "role": "Developer"
                },
                {
                    "name": "Freek Van der Herten",
                    "email": "freek@spatie.be",
                    "role": "Developer"
                }
            ],
            "description": "A lightweight solution for running code concurrently in PHP",
            "homepage": "https://github.com/spatie/fork",
            "keywords": [
                "fork",
                "spatie"
            ],
            "support": {
                "issues": "https://github.com/spatie/fork/issues",
                "source": "https://github.com/spatie/fork/tree/1.2.2"
            },
            "funding": [
                {
                    "url": "https://github.com/spatie",
                    "type": "github"
                }
            ],
            "time": "2023-12-07T16:42:08+00:00"
        }
    ],
    "packages-dev": [],
    "aliases": [],
    "minimum-stability": "stable",
    "stability-flags": [],
    "prefer-stable": false,
    "prefer-lowest": false,
    "platform": [],
    "platform-dev": [],
    "plugin-api-version": "2.3.0"
}
